Microsoft Visual Studio Solution File, Format Version 9.00
# SharpDevelop 2.0.0.1462
Project("{FAE04EC0-301F-11D3-BF4B-00C04F79EFBC}") = "JSTrim", "JSTrim.csproj", "{BE13FF40-F539-42BD-91BB-B20666A458E6}"
EndProject
Global
	GlobalSection(SolutionConfigurationPlatforms) = preSolution
		Debug|Any CPU = Debug|Any CPU
		Release|Any CPU = Release|Any CPU
	EndGlobalSection
	GlobalSection(ProjectConfigurationPlatforms) = postSolution
		{BE13FF40-F539-42BD-91BB-B20666A458E6}.Debug|Any CPU.Build.0 = Debug|Any CPU
		{BE13FF40-F539-42BD-91BB-B20666A458E6}.Debug|Any CPU.ActiveCfg = Debug|Any CPU
		{BE13FF40-F539-42BD-91BB-B20666A458E6}.Release|Any CPU.Build.0 = Release|Any CPU
		{BE13FF40-F539-42BD-91BB-B20666A458E6}.Release|Any CPU.ActiveCfg = Release|Any CPU
	EndGlobalSection
EndGlobal
